
Microsoft Visual Studio Solution File, Format Version 12.00
# Visual Studio 2012
Project("{FAE04EC0-301F-11D3-BF4B-00C04F79EFBC}") = "EntityFramework.Models", "EntityFramework.Models\EntityFramework.Models.csproj", "{D7A2C7E8-2B89-42F9-BA92-D85FC32F9654}"
EndProject
Project("{FAE04EC0-301F-11D3-BF4B-00C04F79EFBC}") = "SelectEmployees", "SelectEmployees\SelectEmployees.csproj", "{BC210F19-ADCB-4D6F-933D-43CC3E574EA7}"
EndProject
Project("{FAE04EC0-301F-11D3-BF4B-00C04F79EFBC}") = "ToListPerformance", "ToListPerformance\ToListPerformance.csproj", "{57A7FE06-5F93-44B2-BA49-E9E9EBA2438D}"
EndProject
Global
	GlobalSection(SolutionConfigurationPlatforms) = preSolution
		Debug|Any CPU = Debug|Any CPU
		Release|Any CPU = Release|Any CPU
	EndGlobalSection
	GlobalSection(ProjectConfigurationPlatforms) = postSolution
		{D7A2C7E8-2B89-42F9-BA92-D85FC32F9654}.Debug|Any CPU.ActiveCfg = Debug|Any CPU
		{D7A2C7E8-2B89-42F9-BA92-D85FC32F9654}.Debug|Any CPU.Build.0 = Debug|Any CPU
		{D7A2C7E8-2B89-42F9-BA92-D85FC32F9654}.Release|Any CPU.ActiveCfg = Release|Any CPU
		{D7A2C7E8-2B89-42F9-BA92-D85FC32F9654}.Release|Any CPU.Build.0 = Release|Any CPU
		{BC210F19-ADCB-4D6F-933D-43CC3E574EA7}.Debug|Any CPU.ActiveCfg = Debug|Any CPU
		{BC210F19-ADCB-4D6F-933D-43CC3E574EA7}.Debug|Any CPU.Build.0 = Debug|Any CPU
		{BC210F19-ADCB-4D6F-933D-43CC3E574EA7}.Release|Any CPU.ActiveCfg = Release|Any CPU
		{BC210F19-ADCB-4D6F-933D-43CC3E574EA7}.Release|Any CPU.Build.0 = Release|Any CPU
		{57A7FE06-5F93-44B2-BA49-E9E9EBA2438D}.Debug|Any CPU.ActiveCfg = Debug|Any CPU
		{57A7FE06-5F93-44B2-BA49-E9E9EBA2438D}.Debug|Any CPU.Build.0 = Debug|Any CPU
		{57A7FE06-5F93-44B2-BA49-E9E9EBA2438D}.Release|Any CPU.ActiveCfg = Release|Any CPU
		{57A7FE06-5F93-44B2-BA49-E9E9EBA2438D}.Release|Any CPU.Build.0 = Release|Any CPU
	EndGlobalSection
	GlobalSection(SolutionProperties) = preSolution
		HideSolutionNode = FALSE
	EndGlobalSection
EndGlobal
